// !$*UTF8*$!
{
	archiveVersion = 1;
	classes = {
	};
	objectVersion = 46;
	objects = {

/* Begin PBXBuildFile section */
		F5C297D81E86D78300C9BC06 /* AppDelegate.swift in Sources */ = {isa = PBXBuildFile; fileRef = F5C297D71E86D78300C9BC06 /* AppDelegate.swift */; };
		F5C297DA1E86D78300C9BC06 /* MainViewController.swift in Sources */ = {isa = PBXBuildFile; fileRef = F5C297D91E86D78300C9BC06 /* MainViewController.swift */; };
		F5C297DD1E86D78300C9BC06 /* Main.storyboard in Resources */ = {isa = PBXBuildFile; fileRef = F5C297DB1E86D78300C9BC06 /* Main.storyboard */; };
		F5C297DF1E86D78300C9BC06 /* Assets.xcassets in Resources */ = {isa = PBXBuildFile; fileRef = F5C297DE1E86D78300C9BC06 /* Assets.xcassets */; };
		F5C297E21E86D78300C9BC06 /* LaunchScreen.storyboard in Resources */ = {isa = PBXBuildFile; fileRef = F5C297E01E86D78300C9BC06 /* LaunchScreen.storyboard */; };
		F5C297ED1E86D78300C9BC06 /* simpleweatherTests.swift in Sources */ = {isa = PBXBuildFile; fileRef = F5C297EC1E86D78300C9BC06 /* simpleweatherTests.swift */; };
		F5F6B44F1E86D96900F01E35 /* WeatherProvider.swift in Sources */ = {isa = PBXBuildFile; fileRef = F5F6B44E1E86D96900F01E35 /* WeatherProvider.swift */; };
		F5F6B4511E86D98900F01E35 /* WeatherProviderTest.swift in Sources */ = {isa = PBXBuildFile; fileRef = F5F6B4501E86D98900F01E35 /* WeatherProviderTest.swift */; };
/* End PBXBuildFile section */

/* Begin PBXContainerItemProxy section */
		F5C297E91E86D78300C9BC06 /* PBXContainerItemProxy */ = {
			isa = PBXContainerItemProxy;
			containerPortal = F5C297CC1E86D78300C9BC06 /* Project object */;
			proxyType = 1;
			remoteGlobalIDString = F5C297D31E86D78300C9BC06;
			remoteInfo = simpleweather;
		};
/* End PBXContainerItemProxy section */

/* Begin PBXFileReference section */
		F5C297D41E86D78300C9BC06 /* simpleweather.app */ = {isa = PBXFileReference; explicitFileType = wrapper.application; includeInIndex = 0; path = simpleweather.app; sourceTree = BUILT_PRODUCTS_DIR; };
		F5C297D71E86D78300C9BC06 /* AppDelegate.swift */ = {isa = PBXFileReference; lastKnownFileType = sourcecode.swift; path = AppDelegate.swift; sourceTree = "<group>"; };
		F5C297D91E86D78300C9BC06 /* MainViewController.swift */ = {isa = PBXFileReference; lastKnownFileType = sourcecode.swift; path = MainViewController.swift; sourceTree = "<group>"; };
		F5C297DC1E86D78300C9BC06 /* Base */ = {isa = PBXFileReference; lastKnownFileType = file.storyboard; name = Base; path = Base.lproj/Main.storyboard; sourceTree = "<group>"; };
		F5C297DE1E86D78300C9BC06 /* Assets.xcassets */ = {isa = PBXFileReference; lastKnownFileType = folder.assetcatalog; path = Assets.xcassets; sourceTree = "<group>"; };
		F5C297E11E86D78300C9BC06 /* Base */ = {isa = PBXFileReference; lastKnownFileType = file.storyboard; name = Base; path = Base.lproj/LaunchScreen.storyboard; sourceTree = "<group>"; };
		F5C297E31E86D78300C9BC06 /* Info.plist */ = {isa = PBXFileReference; lastKnownFileType = text.plist.xml; path = Info.plist; sourceTree = "<group>"; };
		F5C297E81E86D78300C9BC06 /* simpleweatherTests.xctest */ = {isa = PBXFileReference; explicitFileType = wrapper.cfbundle; includeInIndex = 0; path = simpleweatherTests.xctest; sourceTree = BUILT_PRODUCTS_DIR; };
		F5C297EC1E86D78300C9BC06 /* simpleweatherTests.swift */ = {isa = PBXFileReference; lastKnownFileType = sourcecode.swift; path = simpleweatherTests.swift; sourceTree = "<group>"; };
		F5C297EE1E86D78300C9BC06 /* Info.plist */ = {isa = PBXFileReference; lastKnownFileType = text.plist.xml; path = Info.plist; sourceTree = "<group>"; };
		F5F6B44E1E86D96900F01E35 /* WeatherProvider.swift */ = {isa = PBXFileReference; fileEncoding = 4; lastKnownFileType = sourcecode.swift; path = WeatherProvider.swift; sourceTree = "<group>"; };
		F5F6B4501E86D98900F01E35 /* WeatherProviderTest.swift */ = {isa = PBXFileReference; fileEncoding = 4; lastKnownFileType = sourcecode.swift; path = WeatherProviderTest.swift; sourceTree = "<group>"; };
/* End PBXFileReference section */

/* Begin PBXFrameworksBuildPhase section */
		F5C297D11E86D78300C9BC06 /* Frameworks */ = {
			isa = PBXFrameworksBuildPhase;
			buildActionMask = 2147483647;
			files = (
			);
			runOnlyForDeploymentPostprocessing = 0;
		};
		F5C297E51E86D78300C9BC06 /* Frameworks */ = {
			isa = PBXFrameworksBuildPhase;
			buildActionMask = 2147483647;
			files = (
			);
			runOnlyForDeploymentPostprocessing = 0;
		};
/* End PBXFrameworksBuildPhase section */

/* Begin PBXGroup section */
		F5C297CB1E86D78300C9BC06 = {
			isa = PBXGroup;
			children = (
				F5C297D61E86D78300C9BC06 /* simpleweather */,
				F5C297EB1E86D78300C9BC06 /* simpleweatherTests */,
				F5C297D51E86D78300C9BC06 /* Products */,
			);
			sourceTree = "<group>";
		};
		F5C297D51E86D78300C9BC06 /* Products */ = {
			isa = PBXGroup;
			children = (
				F5C297D41E86D78300C9BC06 /* simpleweather.app */,
				F5C297E81E86D78300C9BC06 /* simpleweatherTests.xctest */,
			);
			name = Products;
			sourceTree = "<group>";
		};
		F5C297D61E86D78300C9BC06 /* simpleweather */ = {
			isa = PBXGroup;
			children = (
				F5C297D71E86D78300C9BC06 /* AppDelegate.swift */,
				F5C297D91E86D78300C9BC06 /* MainViewController.swift */,
				F5C297DB1E86D78300C9BC06 /* Main.storyboard */,
				F5C297DE1E86D78300C9BC06 /* Assets.xcassets */,
				F5C297E01E86D78300C9BC06 /* LaunchScreen.storyboard */,
				F5C297E31E86D78300C9BC06 /* Info.plist */,
				F5F6B44E1E86D96900F01E35 /* WeatherProvider.swift */,
			);
			path = simpleweather;
			sourceTree = "<group>";
		};
		F5C297EB1E86D78300C9BC06 /* simpleweatherTests */ = {
			isa = PBXGroup;
			children = (
				F5C297EC1E86D78300C9BC06 /* simpleweatherTests.swift */,
				F5C297EE1E86D78300C9BC06 /* Info.plist */,
				F5F6B4501E86D98900F01E35 /* WeatherProviderTest.swift */,
			);
			path = simpleweatherTests;
			sourceTree = "<group>";
		};
/* End PBXGroup section */

/* Begin PBXNativeTarget section */
		F5C297D31E86D78300C9BC06 /* simpleweather */ = {
			isa = PBXNativeTarget;
			buildConfigurationList = F5C297F11E86D78300C9BC06 /* Build configuration list for PBXNativeTarget "simpleweather" */;
			buildPhases = (
				F5C297D01E86D78300C9BC06 /* Sources */,
				F5C297D11E86D78300C9BC06 /* Frameworks */,
				F5C297D21E86D78300C9BC06 /* Resources */,
			);
			buildRules = (
			);
			dependencies = (
			);
			name = simpleweather;
			productName = simpleweather;
			productReference = F5C297D41E86D78300C9BC06 /* simpleweather.app */;
			productType = "com.apple.product-type.application";
		};
		F5C297E71E86D78300C9BC06 /* simpleweatherTests */ = {
			isa = PBXNativeTarget;
			buildConfigurationList = F5C297F41E86D78300C9BC06 /* Build configuration list for PBXNativeTarget "simpleweatherTests" */;
			buildPhases = (
				F5C297E41E86D78300C9BC06 /* Sources */,
				F5C297E51E86D78300C9BC06 /* Frameworks */,
				F5C297E61E86D78300C9BC06 /* Resources */,
			);
			buildRules = (
			);
			dependencies = (
				F5C297EA1E86D78300C9BC06 /* PBXTargetDependency */,
			);
			name = simpleweatherTests;
			productName = simpleweatherTests;
			productReference = F5C297E81E86D78300C9BC06 /* simpleweatherTests.xctest */;
			productType = "com.apple.product-type.bundle.unit-test";
		};
/* End PBXNativeTarget section */

/* Begin PBXProject section */
		F5C297CC1E86D78300C9BC06 /* Project object */ = {
			isa = PBXProject;
			attributes = {
				LastSwiftUpdateCheck = 0820;
				LastUpgradeCheck = 0820;
				ORGANIZATIONNAME = "Vladislav Glabai";
				TargetAttributes = {
					F5C297D31E86D78300C9BC06 = {
						CreatedOnToolsVersion = 8.2.1;
						ProvisioningStyle = Automatic;
					};
					F5C297E71E86D78300C9BC06 = {
						CreatedOnToolsVersion = 8.2.1;
						ProvisioningStyle = Automatic;
						TestTargetID = F5C297D31E86D78300C9BC06;
					};
				};
			};
			buildConfigurationList = F5C297CF1E86D78300C9BC06 /* Build configuration list for PBXProject "simpleweather" */;
			compatibilityVersion = "Xcode 3.2";
			developmentRegion = English;
			hasScannedForEncodings = 0;
			knownRegions = (
				en,
				Base,
			);
			mainGroup = F5C297CB1E86D78300C9BC06;
			productRefGroup = F5C297D51E86D78300C9BC06 /* Products */;
			projectDirPath = "";
			projectRoot = "";
			targets = (
				F5C297D31E86D78300C9BC06 /* simpleweather */,
				F5C297E71E86D78300C9BC06 /* simpleweatherTests */,
			);
		};
/* End PBXProject section */

/* Begin PBXResourcesBuildPhase section */
		F5C297D21E86D78300C9BC06 /* Resources */ = {
			isa = PBXResourcesBuildPhase;
			buildActionMask = 2147483647;
			files = (
				F5C297E21E86D78300C9BC06 /* LaunchScreen.storyboard in Resources */,
				F5C297DF1E86D78300C9BC06 /* Assets.xcassets in Resources */,
				F5C297DD1E86D78300C9BC06 /* Main.storyboard in Resources */,
			);
			runOnlyForDeploymentPostprocessing = 0;
		};
		F5C297E61E86D78300C9BC06 /* Resources */ = {
			isa = PBXResourcesBuildPhase;
			buildActionMask = 2147483647;
			files = (
			);
			runOnlyForDeploymentPostprocessing = 0;
		};
/* End PBXResourcesBuildPhase section */

/* Begin PBXSourcesBuildPhase section */
		F5C297D01E86D78300C9BC06 /* Sources */ = {
			isa = PBXSourcesBuildPhase;
			buildActionMask = 2147483647;
			files = (
				F5C297DA1E86D78300C9BC06 /* MainViewController.swift in Sources */,
				F5F6B44F1E86D96900F01E35 /* WeatherProvider.swift in Sources */,
				F5C297D81E86D78300C9BC06 /* AppDelegate.swift in Sources */,
			);
			runOnlyForDeploymentPostprocessing = 0;
		};
		F5C297E41E86D78300C9BC06 /* Sources */ = {
			isa = PBXSourcesBuildPhase;
			buildActionMask = 2147483647;
			files = (
				F5C297ED1E86D78300C9BC06 /* simpleweatherTests.swift in Sources */,
				F5F6B4511E86D98900F01E35 /* WeatherProviderTest.swift in Sources */,
			);
			runOnlyForDeploymentPostprocessing = 0;
		};
/* End PBXSourcesBuildPhase section */

/* Begin PBXTargetDependency section */
		F5C297EA1E86D78300C9BC06 /* PBXTargetDependency */ = {
			isa = PBXTargetDependency;
			target = F5C297D31E86D78300C9BC06 /* simpleweather */;
			targetProxy = F5C297E91E86D78300C9BC06 /* PBXContainerItemProxy */;
		};
/* End PBXTargetDependency section */

/* Begin PBXVariantGroup section */
		F5C297DB1E86D78300C9BC06 /* Main.storyboard */ = {
			isa = PBXVariantGroup;
			children = (
				F5C297DC1E86D78300C9BC06 /* Base */,
			);
			name = Main.storyboard;
			sourceTree = "<group>";
		};
		F5C297E01E86D78300C9BC06 /* LaunchScreen.storyboard */ = {
			isa = PBXVariantGroup;
			children = (
				F5C297E11E86D78300C9BC06 /* Base */,
			);
			name = LaunchScreen.storyboard;
			sourceTree = "<group>";
		};
/* End PBXVariantGroup section */

/* Begin XCBuildConfiguration section */
		F5C297EF1E86D78300C9BC06 /* Debug */ = {
			isa = XCBuildConfiguration;
			buildSettings = {
				ALWAYS_SEARCH_USER_PATHS = NO;
				CLANG_ANALYZER_NONNULL = YES;
				CLANG_CXX_LANGUAGE_STANDARD = "gnu++0x";
				CLANG_CXX_LIBRARY = "libc++";
				CLANG_ENABLE_MODULES = YES;
				CLANG_ENABLE_OBJC_ARC = YES;
				CLANG_WARN_BOOL_CONVERSION = YES;
				CLANG_WARN_CONSTANT_CONVERSION = YES;
				CLANG_WARN_DIRECT_OBJC_ISA_USAGE = YES_ERROR;
				CLANG_WARN_DOCUMENTATION_COMMENTS = YES;
				CLANG_WARN_EMPTY_BODY = YES;
				CLANG_WARN_ENUM_CONVERSION = YES;
				CLANG_WARN_INFINITE_RECURSION = YES;
				CLANG_WARN_INT_CONVERSION = YES;
				CLANG_WARN_OBJC_ROOT_CLASS = YES_ERROR;
				CLANG_WARN_SUSPICIOUS_MOVE = YES;
				CLANG_WARN_UNREACHABLE_CODE = YES;
				CLANG_WARN__DUPLICATE_METHOD_MATCH = YES;
				"CODE_SIGN_IDENTITY[sdk=iphoneos*]" = "iPhone Developer";
				COPY_PHASE_STRIP = NO;
				DEBUG_INFORMATION_FORMAT = dwarf;
				ENABLE_STRICT_OBJC_MSGSEND = YES;
				ENABLE_TESTABILITY = YES;
				GCC_C_LANGUAGE_STANDARD = gnu99;
				GCC_DYNAMIC_NO_PIC = NO;
				GCC_NO_COMMON_BLOCKS = YES;
				GCC_OPTIMIZATION_LEVEL = 0;
				GCC_PREPROCESSOR_DEFINITIONS = (
					"DEBUG=1",
					"$(inherited)",
				);
				GCC_WARN_64_TO_32_BIT_CONVERSION = YES;
				GCC_WARN_ABOUT_RETURN_TYPE = YES_ERROR;
				GCC_WARN_UNDECLARED_SELECTOR = YES;
				GCC_WARN_UNINITIALIZED_AUTOS = YES_AGGRESSIVE;
				GCC_WARN_UNUSED_FUNCTION = YES;
				GCC_WARN_UNUSED_VARIABLE = YES;
				IPHONEOS_DEPLOYMENT_TARGET = 10.2;
				MTL_ENABLE_DEBUG_INFO = YES;
				ONLY_ACTIVE_ARCH = YES;
				SDKROOT = iphoneos;
				SWIFT_ACTIVE_COMPILATION_CONDITIONS = DEBUG;
				SWIFT_OPTIMIZATION_LEVEL = "-Onone";
				TARGETED_DEVICE_FAMILY = "1,2";
			};
			name = Debug;
		};
		F5C297F01E86D78300C9BC06 /* Release */ = {
			isa = XCBuildConfiguration;
			buildSettings = {
				ALWAYS_SEARCH_USER_PATHS = NO;
				CLANG_ANALYZER_NONNULL = YES;
				CLANG_CXX_LANGUAGE_STANDARD = "gnu++0x";
				CLANG_CXX_LIBRARY = "libc++";
				CLANG_ENABLE_MODULES = YES;
				CLANG_ENABLE_OBJC_ARC = YES;
				CLANG_WARN_BOOL_CONVERSION = YES;
				CLANG_WARN_CONSTANT_CONVERSION = YES;
				CLANG_WARN_DIRECT_OBJC_ISA_USAGE = YES_ERROR;
				CLANG_WARN_DOCUMENTATION_COMMENTS = YES;
				CLANG_WARN_EMPTY_BODY = YES;
				CLANG_WARN_ENUM_CONVERSION = YES;
				CLANG_WARN_INFINITE_RECURSION = YES;
				CLANG_WARN_INT_CONVERSION = YES;
				CLANG_WARN_OBJC_ROOT_CLASS = YES_ERROR;
				CLANG_WARN_SUSPICIOUS_MOVE = YES;
				CLANG_WARN_UNREACHABLE_CODE = YES;
				CLANG_WARN__DUPLICATE_METHOD_MATCH = YES;
				"CODE_SIGN_IDENTITY[sdk=iphoneos*]" = "iPhone Developer";
				COPY_PHASE_STRIP = NO;
				DEBUG_INFORMATION_FORMAT = "dwarf-with-dsym";
				ENABLE_NS_ASSERTIONS = NO;
				ENABLE_STRICT_OBJC_MSGSEND = YES;
				GCC_C_LANGUAGE_STANDARD = gnu99;
				GCC_NO_COMMON_BLOCKS = YES;
				GCC_WARN_64_TO_32_BIT_CONVERSION = YES;
				GCC_WARN_ABOUT_RETURN_TYPE = YES_ERROR;
				GCC_WARN_UNDECLARED_SELECTOR = YES;
				GCC_WARN_UNINITIALIZED_AUTOS = YES_AGGRESSIVE;
				GCC_WARN_UNUSED_FUNCTION = YES;
				GCC_WARN_UNUSED_VARIABLE = YES;
				IPHONEOS_DEPLOYMENT_TARGET = 10.2;
				MTL_ENABLE_DEBUG_INFO = NO;
				SDKROOT = iphoneos;
				SWIFT_OPTIMIZATION_LEVEL = "-Owholemodule";
				TARGETED_DEVICE_FAMILY = "1,2";
				VALIDATE_PRODUCT = YES;
			};
			name = Release;
		};
		F5C297F21E86D78300C9BC06 /* Debug */ = {
			isa = XCBuildConfiguration;
			buildSettings = {
				ASSETCATALOG_COMPILER_APPICON_NAME = AppIcon;
				INFOPLIST_FILE = simpleweather/Info.plist;
				LD_RUNPATH_SEARCH_PATHS = "$(inherited) @executable_path/Frameworks";
				PRODUCT_BUNDLE_IDENTIFIER = com.glabai.simpleweather;
				PRODUCT_NAME = "$(TARGET_NAME)";
				SWIFT_VERSION = 3.0;
			};
			name = Debug;
		};
		F5C297F31E86D78300C9BC06 /* Release */ = {
			isa = XCBuildConfiguration;
			buildSettings = {
				ASSETCATALOG_COMPILER_APPICON_NAME = AppIcon;
				INFOPLIST_FILE = simpleweather/Info.plist;
				LD_RUNPATH_SEARCH_PATHS = "$(inherited) @executable_path/Frameworks";
				PRODUCT_BUNDLE_IDENTIFIER = com.glabai.simpleweather;
				PRODUCT_NAME = "$(TARGET_NAME)";
				SWIFT_VERSION = 3.0;
			};
			name = Release;
		};
		F5C297F51E86D78300C9BC06 /* Debug */ = {
			isa = XCBuildConfiguration;
			buildSettings = {
				ALWAYS_EMBED_SWIFT_STANDARD_LIBRARIES = YES;
				BUNDLE_LOADER = "$(TEST_HOST)";
				INFOPLIST_FILE = simpleweatherTests/Info.plist;
				LD_RUNPATH_SEARCH_PATHS = "$(inherited) @executable_path/Frameworks @loader_path/Frameworks";
				PRODUCT_BUNDLE_IDENTIFIER = com.glabai.simpleweatherTests;
				PRODUCT_NAME = "$(TARGET_NAME)";
				SWIFT_VERSION = 3.0;
				TEST_HOST = "$(BUILT_PRODUCTS_DIR)/simpleweather.app/simpleweather";
			};
			name = Debug;
		};
		F5C297F61E86D78300C9BC06 /* Release */ = {
			isa = XCBuildConfiguration;
			buildSettings = {
				ALWAYS_EMBED_SWIFT_STANDARD_LIBRARIES = YES;
				BUNDLE_LOADER = "$(TEST_HOST)";
				INFOPLIST_FILE = simpleweatherTests/Info.plist;
				LD_RUNPATH_SEARCH_PATHS = "$(inherited) @executable_path/Frameworks @loader_path/Frameworks";
				PRODUCT_BUNDLE_IDENTIFIER = com.glabai.simpleweatherTests;
				PRODUCT_NAME = "$(TARGET_NAME)";
				SWIFT_VERSION = 3.0;
				TEST_HOST = "$(BUILT_PRODUCTS_DIR)/simpleweather.app/simpleweather";
			};
			name = Release;
		};
/* End XCBuildConfiguration section */

/* Begin XCConfigurationList section */
		F5C297CF1E86D78300C9BC06 /* Build configuration list for PBXProject "simpleweather" */ = {
			isa = XCConfigurationList;
			buildConfigurations = (
				F5C297EF1E86D78300C9BC06 /* Debug */,
				F5C297F01E86D78300C9BC06 /* Release */,
			);
			defaultConfigurationIsVisible = 0;
			defaultConfigurationName = Release;
		};
		F5C297F11E86D78300C9BC06 /* Build configuration list for PBXNativeTarget "simpleweather" */ = {
			isa = XCConfigurationList;
			buildConfigurations = (
				F5C297F21E86D78300C9BC06 /* Debug */,
				F5C297F31E86D78300C9BC06 /* Release */,
			);
			defaultConfigurationIsVisible = 0;
			defaultConfigurationName = Release;
		};
		F5C297F41E86D78300C9BC06 /* Build configuration list for PBXNativeTarget "simpleweatherTests" */ = {
			isa = XCConfigurationList;
			buildConfigurations = (
				F5C297F51E86D78300C9BC06 /* Debug */,
				F5C297F61E86D78300C9BC06 /* Release */,
			);
			defaultConfigurationIsVisible = 0;
			defaultConfigurationName = Release;
		};
/* End XCConfigurationList section */
	};
	rootObject = F5C297CC1E86D78300C9BC06 /* Project object */;
}
